
Microsoft Visual Studio Solution File, Format Version 12.00
# Visual Studio 15
VisualStudioVersion = 15.0.26730.10
MinimumVisualStudioVersion = 10.0.40219.1
Project("{262852C6-CD72-467D-83FE-5EEB1973A190}") = "ProvaSP.App", "ProvaSP.App.jsproj", "{175AA35E-0998-4511-9717-B27826590BA6}"
EndProject
Global
	GlobalSection(SolutionConfigurationPlatforms) = preSolution
		Debug|Android = Debug|Android
		Debug|iOS = Debug|iOS
		Debug|Windows-ARM = Debug|Windows-ARM
		Debug|Windows-x64 = Debug|Windows-x64
		Debug|Windows-x86 = Debug|Windows-x86
		Release|Android = Release|Android
		Release|iOS = Release|iOS
		Release|Windows-ARM = Release|Windows-ARM
		Release|Windows-x64 = Release|Windows-x64
		Release|Windows-x86 = Release|Windows-x86
	EndGlobalSection
	GlobalSection(ProjectConfigurationPlatforms) = postSolution
		{175AA35E-0998-4511-9717-B27826590BA6}.Debug|Android.ActiveCfg = Debug|Android
		{175AA35E-0998-4511-9717-B27826590BA6}.Debug|Android.Build.0 = Debug|Android
		{175AA35E-0998-4511-9717-B27826590BA6}.Debug|Android.Deploy.0 = Debug|Android
		{175AA35E-0998-4511-9717-B27826590BA6}.Debug|iOS.ActiveCfg = Debug|iOS
		{175AA35E-0998-4511-9717-B27826590BA6}.Debug|iOS.Build.0 = Debug|iOS
		{175AA35E-0998-4511-9717-B27826590BA6}.Debug|iOS.Deploy.0 = Debug|iOS
		{175AA35E-0998-4511-9717-B27826590BA6}.Debug|Windows-ARM.ActiveCfg = Debug|Windows-ARM
		{175AA35E-0998-4511-9717-B27826590BA6}.Debug|Windows-ARM.Build.0 = Debug|Windows-ARM
		{175AA35E-0998-4511-9717-B27826590BA6}.Debug|Windows-ARM.Deploy.0 = Debug|Windows-ARM
		{175AA35E-0998-4511-9717-B27826590BA6}.Debug|Windows-x64.ActiveCfg = Debug|Windows-x64
		{175AA35E-0998-4511-9717-B27826590BA6}.Debug|Windows-x64.Build.0 = Debug|Windows-x64
		{175AA35E-0998-4511-9717-B27826590BA6}.Debug|Windows-x64.Deploy.0 = Debug|Windows-x64
		{175AA35E-0998-4511-9717-B27826590BA6}.Debug|Windows-x86.ActiveCfg = Debug|Windows-x86
		{175AA35E-0998-4511-9717-B27826590BA6}.Debug|Windows-x86.Build.0 = Debug|Windows-x86
		{175AA35E-0998-4511-9717-B27826590BA6}.Debug|Windows-x86.Deploy.0 = Debug|Windows-x86
		{175AA35E-0998-4511-9717-B27826590BA6}.Release|Android.ActiveCfg = Release|Android
		{175AA35E-0998-4511-9717-B27826590BA6}.Release|Android.Build.0 = Release|Android
		{175AA35E-0998-4511-9717-B27826590BA6}.Release|Android.Deploy.0 = Release|Android
		{175AA35E-0998-4511-9717-B27826590BA6}.Release|iOS.ActiveCfg = Release|iOS
		{175AA35E-0998-4511-9717-B27826590BA6}.Release|iOS.Build.0 = Release|iOS
		{175AA35E-0998-4511-9717-B27826590BA6}.Release|iOS.Deploy.0 = Release|iOS
		{175AA35E-0998-4511-9717-B27826590BA6}.Release|Windows-ARM.ActiveCfg = Release|Windows-ARM
		{175AA35E-0998-4511-9717-B27826590BA6}.Release|Windows-ARM.Build.0 = Release|Windows-ARM
		{175AA35E-0998-4511-9717-B27826590BA6}.Release|Windows-ARM.Deploy.0 = Release|Windows-ARM
		{175AA35E-0998-4511-9717-B27826590BA6}.Release|Windows-x64.ActiveCfg = Release|Windows-x64
		{175AA35E-0998-4511-9717-B27826590BA6}.Release|Windows-x64.Build.0 = Release|Windows-x64
		{175AA35E-0998-4511-9717-B27826590BA6}.Release|Windows-x64.Deploy.0 = Release|Windows-x64
		{175AA35E-0998-4511-9717-B27826590BA6}.Release|Windows-x86.ActiveCfg = Release|Windows-x86
		{175AA35E-0998-4511-9717-B27826590BA6}.Release|Windows-x86.Build.0 = Release|Windows-x86
		{175AA35E-0998-4511-9717-B27826590BA6}.Release|Windows-x86.Deploy.0 = Release|Windows-x86
	EndGlobalSection
	GlobalSection(SolutionProperties) = preSolution
		HideSolutionNode = FALSE
	EndGlobalSection
	GlobalSection(ExtensibilityGlobals) = postSolution
		SolutionGuid = {CFC9CB37-3316-4117-A2AB-6C928F7F9B23}
	EndGlobalSection
EndGlobal
